
Microsoft Visual Studio Solution File, Format Version 12.00
# Visual Studio 2015
Project("{FAE04EC0-301F-11D3-BF4B-00C04F79EFBC}") = "Scene Intelligent Interfaces.CSharp.Plugins", "Scene Intelligent Interfaces.CSharp.Plugins.csproj", "{ECE11113-53BC-6D44-6F87-0977CB42ABF1}"
EndProject
Project("{FAE04EC0-301F-11D3-BF4B-00C04F79EFBC}") = "Scene Intelligent Interfaces.CSharp", "Scene Intelligent Interfaces.CSharp.csproj", "{F6D05399-96E1-8F21-BF76-515BA2AF3F7B}"
EndProject
Project("{FAE04EC0-301F-11D3-BF4B-00C04F79EFBC}") = "Scene Intelligent Interfaces.CSharp.Editor", "Scene Intelligent Interfaces.CSharp.Editor.csproj", "{84F4B7ED-B3EF-87D2-3D1E-8D54AF9742B6}"
EndProject
Global
	GlobalSection(SolutionConfigurationPlatforms) = preSolution
		Debug|Any CPU = Debug|Any CPU
		Release|Any CPU = Release|Any CPU
	EndGlobalSection
	GlobalSection(ProjectConfigurationPlatforms) = postSolution
		{ECE11113-53BC-6D44-6F87-0977CB42ABF1}.Debug|Any CPU.ActiveCfg = Debug|Any CPU
		{ECE11113-53BC-6D44-6F87-0977CB42ABF1}.Debug|Any CPU.Build.0 = Debug|Any CPU
		{ECE11113-53BC-6D44-6F87-0977CB42ABF1}.Release|Any CPU.ActiveCfg = Release|Any CPU
		{ECE11113-53BC-6D44-6F87-0977CB42ABF1}.Release|Any CPU.Build.0 = Release|Any CPU
		{F6D05399-96E1-8F21-BF76-515BA2AF3F7B}.Debug|Any CPU.ActiveCfg = Debug|Any CPU
		{F6D05399-96E1-8F21-BF76-515BA2AF3F7B}.Debug|Any CPU.Build.0 = Debug|Any CPU
		{F6D05399-96E1-8F21-BF76-515BA2AF3F7B}.Release|Any CPU.ActiveCfg = Release|Any CPU
		{F6D05399-96E1-8F21-BF76-515BA2AF3F7B}.Release|Any CPU.Build.0 = Release|Any CPU
		{84F4B7ED-B3EF-87D2-3D1E-8D54AF9742B6}.Debug|Any CPU.ActiveCfg = Debug|Any CPU
		{84F4B7ED-B3EF-87D2-3D1E-8D54AF9742B6}.Debug|Any CPU.Build.0 = Debug|Any CPU
		{84F4B7ED-B3EF-87D2-3D1E-8D54AF9742B6}.Release|Any CPU.ActiveCfg = Release|Any CPU
		{84F4B7ED-B3EF-87D2-3D1E-8D54AF9742B6}.Release|Any CPU.Build.0 = Release|Any CPU
	EndGlobalSection
	GlobalSection(SolutionProperties) = preSolution
		HideSolutionNode = FALSE
	EndGlobalSection
EndGlobal
